
Microsoft Visual Studio Solution File, Format Version 12.00
# Visual Studio Version 16
VisualStudioVersion = 25.0.1703.4
MinimumVisualStudioVersion = 10.0.40219.1
Project("{FAE04EC0-301F-11D3-BF4B-00C04F79EFBC}") = "HangManTest", "HangManTest\HangManTest.csproj", "{2019C3FD-8846-48A7-A32B-7084495FB521}"
EndProject
Global
	GlobalSection(SolutionConfigurationPlatforms) = preSolution
		Debug|Any CPU = Debug|Any CPU
		Release|Any CPU = Release|Any CPU
	EndGlobalSection
	GlobalSection(ProjectConfigurationPlatforms) = postSolution
		{2019C3FD-8846-48A7-A32B-7084495FB521}.Debug|Any CPU.ActiveCfg = Debug|Any CPU
		{2019C3FD-8846-48A7-A32B-7084495FB521}.Debug|Any CPU.Build.0 = Debug|Any CPU
		{2019C3FD-8846-48A7-A32B-7084495FB521}.Release|Any CPU.ActiveCfg = Release|Any CPU
		{2019C3FD-8846-48A7-A32B-7084495FB521}.Release|Any CPU.Build.0 = Release|Any CPU
	EndGlobalSection
	GlobalSection(SolutionProperties) = preSolution
		HideSolutionNode = FALSE
	EndGlobalSection
	GlobalSection(ExtensibilityGlobals) = postSolution
		SolutionGuid = {00BAC35E-6298-448A-98F9-339AC5E26588}
	EndGlobalSection
EndGlobal
